
Microsoft Visual Studio Solution File, Format Version 12.00
# Visual Studio Version 16
VisualStudioVersion = 16.0.30804.86
MinimumVisualStudioVersion = 10.0.40219.1
Project("{FAE04EC0-301F-11D3-BF4B-00C04F79EFBC}") = "LongFactorial", "LongFactorial\LongFactorial.csproj", "{479E7C57-1DF3-4DAE-BB0F-781EA4611E36}"
EndProject
Project("{FAE04EC0-301F-11D3-BF4B-00C04F79EFBC}") = "AppendAndDelete", "AppendAndDelete\AppendAndDelete.csproj", "{BD678ADF-1746-4600-89BA-6ECDE9A13C43}"
EndProject
Project("{FAE04EC0-301F-11D3-BF4B-00C04F79EFBC}") = "3DSurfaceArea", "3DSurfaceArea\3DSurfaceArea.csproj", "{71269C15-6E4F-44EC-A8EA-6985C2179343}"
EndProject
Global
	GlobalSection(SolutionConfigurationPlatforms) = preSolution
		Debug|Any CPU = Debug|Any CPU
		Release|Any CPU = Release|Any CPU
	EndGlobalSection
	GlobalSection(ProjectConfigurationPlatforms) = postSolution
		{479E7C57-1DF3-4DAE-BB0F-781EA4611E36}.Debug|Any CPU.ActiveCfg = Debug|Any CPU
		{479E7C57-1DF3-4DAE-BB0F-781EA4611E36}.Debug|Any CPU.Build.0 = Debug|Any CPU
		{479E7C57-1DF3-4DAE-BB0F-781EA4611E36}.Release|Any CPU.ActiveCfg = Release|Any CPU
		{479E7C57-1DF3-4DAE-BB0F-781EA4611E36}.Release|Any CPU.Build.0 = Release|Any CPU
		{BD678ADF-1746-4600-89BA-6ECDE9A13C43}.Debug|Any CPU.ActiveCfg = Debug|Any CPU
		{BD678ADF-1746-4600-89BA-6ECDE9A13C43}.Debug|Any CPU.Build.0 = Debug|Any CPU
		{BD678ADF-1746-4600-89BA-6ECDE9A13C43}.Release|Any CPU.ActiveCfg = Release|Any CPU
		{BD678ADF-1746-4600-89BA-6ECDE9A13C43}.Release|Any CPU.Build.0 = Release|Any CPU
		{71269C15-6E4F-44EC-A8EA-6985C2179343}.Debug|Any CPU.ActiveCfg = Debug|Any CPU
		{71269C15-6E4F-44EC-A8EA-6985C2179343}.Debug|Any CPU.Build.0 = Debug|Any CPU
		{71269C15-6E4F-44EC-A8EA-6985C2179343}.Release|Any CPU.ActiveCfg = Release|Any CPU
		{71269C15-6E4F-44EC-A8EA-6985C2179343}.Release|Any CPU.Build.0 = Release|Any CPU
	EndGlobalSection
	GlobalSection(SolutionProperties) = preSolution
		HideSolutionNode = FALSE
	EndGlobalSection
	GlobalSection(ExtensibilityGlobals) = postSolution
		SolutionGuid = {7F69EA5C-E0FA-4F5F-82B3-6BC5E76EC9E2}
	EndGlobalSection
EndGlobal
