
Microsoft Visual Studio Solution File, Format Version 12.00
# Visual Studio Version 16
VisualStudioVersion = 16.0.30804.86
MinimumVisualStudioVersion = 10.0.40219.1
Project("{FAE04EC0-301F-11D3-BF4B-00C04F79EFBC}") = "CShapIntermediate", "CShapIntermediate\CShapIntermediate.csproj", "{81FBF74C-626D-4550-8B80-7424D316B4B5}"
EndProject
Global
	GlobalSection(SolutionConfigurationPlatforms) = preSolution
		Debug|Any CPU = Debug|Any CPU
		Release|Any CPU = Release|Any CPU
	EndGlobalSection
	GlobalSection(ProjectConfigurationPlatforms) = postSolution
		{81FBF74C-626D-4550-8B80-7424D316B4B5}.Debug|Any CPU.ActiveCfg = Debug|Any CPU
		{81FBF74C-626D-4550-8B80-7424D316B4B5}.Debug|Any CPU.Build.0 = Debug|Any CPU
		{81FBF74C-626D-4550-8B80-7424D316B4B5}.Release|Any CPU.ActiveCfg = Release|Any CPU
		{81FBF74C-626D-4550-8B80-7424D316B4B5}.Release|Any CPU.Build.0 = Release|Any CPU
	EndGlobalSection
	GlobalSection(SolutionProperties) = preSolution
		HideSolutionNode = FALSE
	EndGlobalSection
	GlobalSection(ExtensibilityGlobals) = postSolution
		SolutionGuid = {7F69EA5C-E0FA-4F5F-82B3-6BC5E76EC9E2}
	EndGlobalSection
EndGlobal
